<?xml version="1.0" encoding="utf-8"?>
<Project ToolsVersion="4.0" xmlns="http://schemas.microsoft.com/developer/msbuild/2003">
  <ItemGroup>
    <Filter Include="소스 파일">
      <UniqueIdentifier>{4FC737F1-C7A5-4376-A066-2A32D752A2FF}</UniqueIdentifier>
      <Extensions>cpp;c;cc;cxx;c++;cppm;ixx;def;odl;idl;hpj;bat;asm;asmx</Extensions>
    </Filter>
    <Filter Include="헤더 파일">
      <UniqueIdentifier>{93995380-89BD-4b04-88EB-625FBE52EBFB}</UniqueIdentifier>
      <Extensions>h;hh;hpp;hxx;h++;hm;inl;inc;ipp;xsd</Extensions>
    </Filter>
    <Filter Include="리소스 파일">
      <UniqueIdentifier>{67DA6AB6-F800-4c08-8B7A-83BB121AAD01}</UniqueIdentifier>
      <Extensions>rc;ico;cur;bmp;dlg;rc2;rct;bin;rgs;gif;jpg;jpeg;jpe;resx;tiff;tif;png;wav;mfcribbon-ms</Extensions>
    </Filter>
    <Filter Include="RPG">
      <UniqueIdentifier>{e50713fc-5a92-4f7f-ad7c-506a6fe8386f}</UniqueIdentifier>
    </Filter>
  </ItemGroup>
  <ItemGroup>
    <ClInclude Include="MFCRPGSTATUS.h">
      <Filter>헤더 파일</Filter>
    </ClInclude>
    <ClInclude Include="MFCRPGSTATUSDlg.h">
      <Filter>헤더 파일</Filter>
    </ClInclude>
    <ClInclude Include="framework.h">
      <Filter>헤더 파일</Filter>
    </ClInclude>
    <ClInclude Include="targetver.h">
      <Filter>헤더 파일</Filter>
    </ClInclude>
    <ClInclude Include="Resource.h">
      <Filter>헤더 파일</Filter>
    </ClInclude>
    <ClInclude Include="pch.h">
      <Filter>헤더 파일</Filter>
    </ClInclude>
    <ClInclude Include="EffectManager.h">
      <Filter>리소스 파일</Filter>
    </ClInclude>
    <ClInclude Include="ItemManager.h">
      <Filter>리소스 파일</Filter>
    </ClInclude>
    <ClInclude Include="Player.h">
      <Filter>리소스 파일</Filter>
    </ClInclude>
    <ClInclude Include="SkillManager.h">
      <Filter>리소스 파일</Filter>
    </ClInclude>
    <ClInclude Include="GameManager.h">
      <Filter>리소스 파일</Filter>
    </ClInclude>
  </ItemGroup>
  <ItemGroup>
    <ClCompile Include="MFCRPGSTATUS.cpp">
      <Filter>소스 파일</Filter>
    </ClCompile>
    <ClCompile Include="MFCRPGSTATUSDlg.cpp">
      <Filter>소스 파일</Filter>
    </ClCompile>
    <ClCompile Include="pch.cpp">
      <Filter>소스 파일</Filter>
    </ClCompile>
    <ClCompile Include="EffectManager.cpp">
      <Filter>리소스 파일</Filter>
    </ClCompile>
    <ClCompile Include="ItemManager.cpp">
      <Filter>리소스 파일</Filter>
    </ClCompile>
    <ClCompile Include="Player.cpp">
      <Filter>리소스 파일</Filter>
    </ClCompile>
    <ClCompile Include="SkillManager.cpp">
      <Filter>리소스 파일</Filter>
    </ClCompile>
    <ClCompile Include="GameManager.cpp">
      <Filter>리소스 파일</Filter>
    </ClCompile>
  </ItemGroup>
  <ItemGroup>
    <ResourceCompile Include="MFCRPGSTATUS.rc">
      <Filter>리소스 파일</Filter>
    </ResourceCompile>
  </ItemGroup>
  <ItemGroup>
    <None Include="res\MFCRPGSTATUS.rc2">
      <Filter>리소스 파일</Filter>
    </None>
  </ItemGroup>
  <ItemGroup>
    <Image Include="res\MFCRPGSTATUS.ico">
      <Filter>리소스 파일</Filter>
    </Image>
  </ItemGroup>
</Project>