
Microsoft Visual Studio Solution File, Format Version 12.00
# Visual Studio 15
Project("{FAE04EC0-301F-11D3-BF4B-00C04F79EFBC}") = "SimpleInput.Runtime", "SimpleInput.Runtime.csproj", "{C0F8F36C-CDA1-BB8A-5CCA-58C93B37E764}"
EndProject
Project("{FAE04EC0-301F-11D3-BF4B-00C04F79EFBC}") = "Assembly-CSharp", "Assembly-CSharp.csproj", "{040850F7-E29A-D2D2-08F6-67675C9B72B4}"
EndProject
Project("{FAE04EC0-301F-11D3-BF4B-00C04F79EFBC}") = "SimpleInput.Editor", "SimpleInput.Editor.csproj", "{BD0E3101-2336-4D82-F3D0-302FDE4DE91B}"
EndProject
Global
	GlobalSection(SolutionConfigurationPlatforms) = preSolution
		Debug|Any CPU = Debug|Any CPU
		Release|Any CPU = Release|Any CPU
	EndGlobalSection
	GlobalSection(ProjectConfigurationPlatforms) = postSolution
		{C0F8F36C-CDA1-BB8A-5CCA-58C93B37E764}.Debug|Any CPU.ActiveCfg = Debug|Any CPU
		{C0F8F36C-CDA1-BB8A-5CCA-58C93B37E764}.Debug|Any CPU.Build.0 = Debug|Any CPU
		{C0F8F36C-CDA1-BB8A-5CCA-58C93B37E764}.Release|Any CPU.ActiveCfg = Release|Any CPU
		{C0F8F36C-CDA1-BB8A-5CCA-58C93B37E764}.Release|Any CPU.Build.0 = Release|Any CPU
		{040850F7-E29A-D2D2-08F6-67675C9B72B4}.Debug|Any CPU.ActiveCfg = Debug|Any CPU
		{040850F7-E29A-D2D2-08F6-67675C9B72B4}.Debug|Any CPU.Build.0 = Debug|Any CPU
		{040850F7-E29A-D2D2-08F6-67675C9B72B4}.Release|Any CPU.ActiveCfg = Release|Any CPU
		{040850F7-E29A-D2D2-08F6-67675C9B72B4}.Release|Any CPU.Build.0 = Release|Any CPU
		{BD0E3101-2336-4D82-F3D0-302FDE4DE91B}.Debug|Any CPU.ActiveCfg = Debug|Any CPU
		{BD0E3101-2336-4D82-F3D0-302FDE4DE91B}.Debug|Any CPU.Build.0 = Debug|Any CPU
		{BD0E3101-2336-4D82-F3D0-302FDE4DE91B}.Release|Any CPU.ActiveCfg = Release|Any CPU
		{BD0E3101-2336-4D82-F3D0-302FDE4DE91B}.Release|Any CPU.Build.0 = Release|Any CPU
	EndGlobalSection
	GlobalSection(SolutionProperties) = preSolution
		HideSolutionNode = FALSE
	EndGlobalSection
EndGlobal
